
Microsoft Visual Studio Solution File, Format Version 12.00
# Visual Studio Version 17
VisualStudioVersion = 17.5.33414.496
MinimumVisualStudioVersion = 10.0.40219.1
Project("{FAE04EC0-301F-11D3-BF4B-00C04F79EFBC}") = "TestJWT", "TestJWT\TestJWT.csproj", "{C88AAB01-97B0-4DC2-9405-625D3BA81E4E}"
EndProject
Global
	GlobalSection(SolutionConfigurationPlatforms) = preSolution
		Debug|Any CPU = Debug|Any CPU
		Release|Any CPU = Release|Any CPU
	EndGlobalSection
	GlobalSection(ProjectConfigurationPlatforms) = postSolution
		{C88AAB01-97B0-4DC2-9405-625D3BA81E4E}.Debug|Any CPU.ActiveCfg = Debug|Any CPU
		{C88AAB01-97B0-4DC2-9405-625D3BA81E4E}.Debug|Any CPU.Build.0 = Debug|Any CPU
		{C88AAB01-97B0-4DC2-9405-625D3BA81E4E}.Release|Any CPU.ActiveCfg = Release|Any CPU
		{C88AAB01-97B0-4DC2-9405-625D3BA81E4E}.Release|Any CPU.Build.0 = Release|Any CPU
	EndGlobalSection
	GlobalSection(SolutionProperties) = preSolution
		HideSolutionNode = FALSE
	EndGlobalSection
	GlobalSection(ExtensibilityGlobals) = postSolution
		SolutionGuid = {6655F69B-306C-496E-81CB-E5B602A8FB56}
	EndGlobalSection
EndGlobal
